// !$*UTF8*$!
{
	archiveVersion = 1;
	classes = {
	};
	objectVersion = 46;
	objects = {

/* Begin PBXBuildFile section */
		A6FEE7221FAF4AF200B1AE0A /* AppDelegate.swift in Sources */ = {isa = PBXBuildFile; fileRef = A6FEE7211FAF4AF200B1AE0A /* AppDelegate.swift */; };
		A6FEE7241FAF4AF200B1AE0A /* TasksViewController.swift in Sources */ = {isa = PBXBuildFile; fileRef = A6FEE7231FAF4AF200B1AE0A /* TasksViewController.swift */; };
		A6FEE7271FAF4AF200B1AE0A /* Main.storyboard in Resources */ = {isa = PBXBuildFile; fileRef = A6FEE7251FAF4AF200B1AE0A /* Main.storyboard */; };
		A6FEE72A1FAF4AF200B1AE0A /* DoIt.xcdatamodeld in Sources */ = {isa = PBXBuildFile; fileRef = A6FEE7281FAF4AF200B1AE0A /* DoIt.xcdatamodeld */; };
		A6FEE72C1FAF4AF200B1AE0A /* Assets.xcassets in Resources */ = {isa = PBXBuildFile; fileRef = A6FEE72B1FAF4AF200B1AE0A /* Assets.xcassets */; };
		A6FEE72F1FAF4AF200B1AE0A /* LaunchScreen.storyboard in Resources */ = {isa = PBXBuildFile; fileRef = A6FEE72D1FAF4AF200B1AE0A /* LaunchScreen.storyboard */; };
		A6FEE7371FAF529000B1AE0A /* Task.swift in Sources */ = {isa = PBXBuildFile; fileRef = A6FEE7361FAF529000B1AE0A /* Task.swift */; };
/* End PBXBuildFile section */

/* Begin PBXFileReference section */
		A6FEE71E1FAF4AF200B1AE0A /* DoIt.app */ = {isa = PBXFileReference; explicitFileType = wrapper.application; includeInIndex = 0; path = DoIt.app; sourceTree = BUILT_PRODUCTS_DIR; };
		A6FEE7211FAF4AF200B1AE0A /* AppDelegate.swift */ = {isa = PBXFileReference; lastKnownFileType = sourcecode.swift; path = AppDelegate.swift; sourceTree = "<group>"; };
		A6FEE7231FAF4AF200B1AE0A /* TasksViewController.swift */ = {isa = PBXFileReference; lastKnownFileType = sourcecode.swift; path = TasksViewController.swift; sourceTree = "<group>"; };
		A6FEE7261FAF4AF200B1AE0A /* Base */ = {isa = PBXFileReference; lastKnownFileType = file.storyboard; name = Base; path = Base.lproj/Main.storyboard; sourceTree = "<group>"; };
		A6FEE7291FAF4AF200B1AE0A /* DoIt.xcdatamodel */ = {isa = PBXFileReference; lastKnownFileType = wrapper.xcdatamodel; path = DoIt.xcdatamodel; sourceTree = "<group>"; };
		A6FEE72B1FAF4AF200B1AE0A /* Assets.xcassets */ = {isa = PBXFileReference; lastKnownFileType = folder.assetcatalog; path = Assets.xcassets; sourceTree = "<group>"; };
		A6FEE72E1FAF4AF200B1AE0A /* Base */ = {isa = PBXFileReference; lastKnownFileType = file.storyboard; name = Base; path = Base.lproj/LaunchScreen.storyboard; sourceTree = "<group>"; };
		A6FEE7301FAF4AF200B1AE0A /* Info.plist */ = {isa = PBXFileReference; lastKnownFileType = text.plist.xml; path = Info.plist; sourceTree = "<group>"; };
		A6FEE7361FAF529000B1AE0A /* Task.swift */ = {isa = PBXFileReference; fileEncoding = 4; lastKnownFileType = sourcecode.swift; path = Task.swift; sourceTree = "<group>"; };
/* End PBXFileReference section */

/* Begin PBXFrameworksBuildPhase section */
		A6FEE71B1FAF4AF200B1AE0A /* Frameworks */ = {
			isa = PBXFrameworksBuildPhase;
			buildActionMask = 2147483647;
			files = (
			);
			runOnlyForDeploymentPostprocessing = 0;
		};
/* End PBXFrameworksBuildPhase section */

/* Begin PBXGroup section */
		A6FEE7151FAF4AF200B1AE0A = {
			isa = PBXGroup;
			children = (
				A6FEE7201FAF4AF200B1AE0A /* DoIt */,
				A6FEE71F1FAF4AF200B1AE0A /* Products */,
			);
			sourceTree = "<group>";
		};
		A6FEE71F1FAF4AF200B1AE0A /* Products */ = {
			isa = PBXGroup;
			children = (
				A6FEE71E1FAF4AF200B1AE0A /* DoIt.app */,
			);
			name = Products;
			sourceTree = "<group>";
		};
		A6FEE7201FAF4AF200B1AE0A /* DoIt */ = {
			isa = PBXGroup;
			children = (
				A6FEE7211FAF4AF200B1AE0A /* AppDelegate.swift */,
				A6FEE7231FAF4AF200B1AE0A /* TasksViewController.swift */,
				A6FEE7361FAF529000B1AE0A /* Task.swift */,
				A6FEE7251FAF4AF200B1AE0A /* Main.storyboard */,
				A6FEE72B1FAF4AF200B1AE0A /* Assets.xcassets */,
				A6FEE72D1FAF4AF200B1AE0A /* LaunchScreen.storyboard */,
				A6FEE7301FAF4AF200B1AE0A /* Info.plist */,
				A6FEE7281FAF4AF200B1AE0A /* DoIt.xcdatamodeld */,
			);
			path = DoIt;
			sourceTree = "<group>";
		};
/* End PBXGroup section */

/* Begin PBXNativeTarget section */
		A6FEE71D1FAF4AF200B1AE0A /* DoIt */ = {
			isa = PBXNativeTarget;
			buildConfigurationList = A6FEE7331FAF4AF200B1AE0A /* Build configuration list for PBXNativeTarget "DoIt" */;
			buildPhases = (
				A6FEE71A1FAF4AF200B1AE0A /* Sources */,
				A6FEE71B1FAF4AF200B1AE0A /* Frameworks */,
				A6FEE71C1FAF4AF200B1AE0A /* Resources */,
			);
			buildRules = (
			);
			dependencies = (
			);
			name = DoIt;
			productName = DoIt;
			productReference = A6FEE71E1FAF4AF200B1AE0A /* DoIt.app */;
			productType = "com.apple.product-type.application";
		};
/* End PBXNativeTarget section */

/* Begin PBXProject section */
		A6FEE7161FAF4AF200B1AE0A /* Project object */ = {
			isa = PBXProject;
			attributes = {
				LastSwiftUpdateCheck = 0830;
				LastUpgradeCheck = 0830;
				ORGANIZATIONNAME = "Denitsa Dobreva";
				TargetAttributes = {
					A6FEE71D1FAF4AF200B1AE0A = {
						CreatedOnToolsVersion = 8.3.3;
						ProvisioningStyle = Automatic;
					};
				};
			};
			buildConfigurationList = A6FEE7191FAF4AF200B1AE0A /* Build configuration list for PBXProject "DoIt" */;
			compatibilityVersion = "Xcode 3.2";
			developmentRegion = English;
			hasScannedForEncodings = 0;
			knownRegions = (
				en,
				Base,
			);
			mainGroup = A6FEE7151FAF4AF200B1AE0A;
			productRefGroup = A6FEE71F1FAF4AF200B1AE0A /* Products */;
			projectDirPath = "";
			projectRoot = "";
			targets = (
				A6FEE71D1FAF4AF200B1AE0A /* DoIt */,
			);
		};
/* End PBXProject section */

/* Begin PBXResourcesBuildPhase section */
		A6FEE71C1FAF4AF200B1AE0A /* Resources */ = {
			isa = PBXResourcesBuildPhase;
			buildActionMask = 2147483647;
			files = (
				A6FEE72F1FAF4AF200B1AE0A /* LaunchScreen.storyboard in Resources */,
				A6FEE72C1FAF4AF200B1AE0A /* Assets.xcassets in Resources */,
				A6FEE7271FAF4AF200B1AE0A /* Main.storyboard in Resources */,
			);
			runOnlyForDeploymentPostprocessing = 0;
		};
/* End PBXResourcesBuildPhase section */

/* Begin PBXSourcesBuildPhase section */
		A6FEE71A1FAF4AF200B1AE0A /* Sources */ = {
			isa = PBXSourcesBuildPhase;
			buildActionMask = 2147483647;
			files = (
				A6FEE7371FAF529000B1AE0A /* Task.swift in Sources */,
				A6FEE72A1FAF4AF200B1AE0A /* DoIt.xcdatamodeld in Sources */,
				A6FEE7241FAF4AF200B1AE0A /* TasksViewController.swift in Sources */,
				A6FEE7221FAF4AF200B1AE0A /* AppDelegate.swift in Sources */,
			);
			runOnlyForDeploymentPostprocessing = 0;
		};
/* End PBXSourcesBuildPhase section */

/* Begin PBXVariantGroup section */
		A6FEE7251FAF4AF200B1AE0A /* Main.storyboard */ = {
			isa = PBXVariantGroup;
			children = (
				A6FEE7261FAF4AF200B1AE0A /* Base */,
			);
			name = Main.storyboard;
			sourceTree = "<group>";
		};
		A6FEE72D1FAF4AF200B1AE0A /* LaunchScreen.storyboard */ = {
			isa = PBXVariantGroup;
			children = (
				A6FEE72E1FAF4AF200B1AE0A /* Base */,
			);
			name = LaunchScreen.storyboard;
			sourceTree = "<group>";
		};
/* End PBXVariantGroup section */

/* Begin XCBuildConfiguration section */
		A6FEE7311FAF4AF200B1AE0A /* Debug */ = {
			isa = XCBuildConfiguration;
			buildSettings = {
				ALWAYS_SEARCH_USER_PATHS = NO;
				CLANG_ANALYZER_NONNULL = YES;
				CLANG_ANALYZER_NUMBER_OBJECT_CONVERSION = YES_AGGRESSIVE;
				CLANG_CXX_LANGUAGE_STANDARD = "gnu++0x";
				CLANG_CXX_LIBRARY = "libc++";
				CLANG_ENABLE_MODULES = YES;
				CLANG_ENABLE_OBJC_ARC = YES;
				CLANG_WARN_BOOL_CONVERSION = YES;
				CLANG_WARN_CONSTANT_CONVERSION = YES;
				CLANG_WARN_DIRECT_OBJC_ISA_USAGE = YES_ERROR;
				CLANG_WARN_DOCUMENTATION_COMMENTS = YES;
				CLANG_WARN_EMPTY_BODY = YES;
				CLANG_WARN_ENUM_CONVERSION = YES;
				CLANG_WARN_INFINITE_RECURSION = YES;
				CLANG_WARN_INT_CONVERSION = YES;
				CLANG_WARN_OBJC_ROOT_CLASS = YES_ERROR;
				CLANG_WARN_SUSPICIOUS_MOVE = YES;
				CLANG_WARN_UNREACHABLE_CODE = YES;
				CLANG_WARN__DUPLICATE_METHOD_MATCH = YES;
				"CODE_SIGN_IDENTITY[sdk=iphoneos*]" = "iPhone Developer";
				COPY_PHASE_STRIP = NO;
				DEBUG_INFORMATION_FORMAT = dwarf;
				ENABLE_STRICT_OBJC_MSGSEND = YES;
				ENABLE_TESTABILITY = YES;
				GCC_C_LANGUAGE_STANDARD = gnu99;
				GCC_DYNAMIC_NO_PIC = NO;
				GCC_NO_COMMON_BLOCKS = YES;
				GCC_OPTIMIZATION_LEVEL = 0;
				GCC_PREPROCESSOR_DEFINITIONS = (
					"DEBUG=1",
					"$(inherited)",
				);
				GCC_WARN_64_TO_32_BIT_CONVERSION = YES;
				GCC_WARN_ABOUT_RETURN_TYPE = YES_ERROR;
				GCC_WARN_UNDECLARED_SELECTOR = YES;
				GCC_WARN_UNINITIALIZED_AUTOS = YES_AGGRESSIVE;
				GCC_WARN_UNUSED_FUNCTION = YES;
				GCC_WARN_UNUSED_VARIABLE = YES;
				IPHONEOS_DEPLOYMENT_TARGET = 10.3;
				MTL_ENABLE_DEBUG_INFO = YES;
				ONLY_ACTIVE_ARCH = YES;
				SDKROOT = iphoneos;
				SWIFT_ACTIVE_COMPILATION_CONDITIONS = DEBUG;
				SWIFT_OPTIMIZATION_LEVEL = "-Onone";
				TARGETED_DEVICE_FAMILY = "1,2";
			};
			name = Debug;
		};
		A6FEE7321FAF4AF200B1AE0A /* Release */ = {
			isa = XCBuildConfiguration;
			buildSettings = {
				ALWAYS_SEARCH_USER_PATHS = NO;
				CLANG_ANALYZER_NONNULL = YES;
				CLANG_ANALYZER_NUMBER_OBJECT_CONVERSION = YES_AGGRESSIVE;
				CLANG_CXX_LANGUAGE_STANDARD = "gnu++0x";
				CLANG_CXX_LIBRARY = "libc++";
				CLANG_ENABLE_MODULES = YES;
				CLANG_ENABLE_OBJC_ARC = YES;
				CLANG_WARN_BOOL_CONVERSION = YES;
				CLANG_WARN_CONSTANT_CONVERSION = YES;
				CLANG_WARN_DIRECT_OBJC_ISA_USAGE = YES_ERROR;
				CLANG_WARN_DOCUMENTATION_COMMENTS = YES;
				CLANG_WARN_EMPTY_BODY = YES;
				CLANG_WARN_ENUM_CONVERSION = YES;
				CLANG_WARN_INFINITE_RECURSION = YES;
				CLANG_WARN_INT_CONVERSION = YES;
				CLANG_WARN_OBJC_ROOT_CLASS = YES_ERROR;
				CLANG_WARN_SUSPICIOUS_MOVE = YES;
				CLANG_WARN_UNREACHABLE_CODE = YES;
				CLANG_WARN__DUPLICATE_METHOD_MATCH = YES;
				"CODE_SIGN_IDENTITY[sdk=iphoneos*]" = "iPhone Developer";
				COPY_PHASE_STRIP = NO;
				DEBUG_INFORMATION_FORMAT = "dwarf-with-dsym";
				ENABLE_NS_ASSERTIONS = NO;
				ENABLE_STRICT_OBJC_MSGSEND = YES;
				GCC_C_LANGUAGE_STANDARD = gnu99;
				GCC_NO_COMMON_BLOCKS = YES;
				GCC_WARN_64_TO_32_BIT_CONVERSION = YES;
				GCC_WARN_ABOUT_RETURN_TYPE = YES_ERROR;
				GCC_WARN_UNDECLARED_SELECTOR = YES;
				GCC_WARN_UNINITIALIZED_AUTOS = YES_AGGRESSIVE;
				GCC_WARN_UNUSED_FUNCTION = YES;
				GCC_WARN_UNUSED_VARIABLE = YES;
				IPHONEOS_DEPLOYMENT_TARGET = 10.3;
				MTL_ENABLE_DEBUG_INFO = NO;
				SDKROOT = iphoneos;
				SWIFT_OPTIMIZATION_LEVEL = "-Owholemodule";
				TARGETED_DEVICE_FAMILY = "1,2";
				VALIDATE_PRODUCT = YES;
			};
			name = Release;
		};
		A6FEE7341FAF4AF200B1AE0A /* Debug */ = {
			isa = XCBuildConfiguration;
			buildSettings = {
				ASSETCATALOG_COMPILER_APPICON_NAME = AppIcon;
				INFOPLIST_FILE = DoIt/Info.plist;
				LD_RUNPATH_SEARCH_PATHS = "$(inherited) @executable_path/Frameworks";
				PRODUCT_BUNDLE_IDENTIFIER = DenitsaDobreva.DoIt;
				PRODUCT_NAME = "$(TARGET_NAME)";
				SWIFT_VERSION = 3.0;
			};
			name = Debug;
		};
		A6FEE7351FAF4AF200B1AE0A /* Release */ = {
			isa = XCBuildConfiguration;
			buildSettings = {
				ASSETCATALOG_COMPILER_APPICON_NAME = AppIcon;
				INFOPLIST_FILE = DoIt/Info.plist;
				LD_RUNPATH_SEARCH_PATHS = "$(inherited) @executable_path/Frameworks";
				PRODUCT_BUNDLE_IDENTIFIER = DenitsaDobreva.DoIt;
				PRODUCT_NAME = "$(TARGET_NAME)";
				SWIFT_VERSION = 3.0;
			};
			name = Release;
		};
/* End XCBuildConfiguration section */

/* Begin XCConfigurationList section */
		A6FEE7191FAF4AF200B1AE0A /* Build configuration list for PBXProject "DoIt" */ = {
			isa = XCConfigurationList;
			buildConfigurations = (
				A6FEE7311FAF4AF200B1AE0A /* Debug */,
				A6FEE7321FAF4AF200B1AE0A /* Release */,
			);
			defaultConfigurationIsVisible = 0;
			defaultConfigurationName = Release;
		};
		A6FEE7331FAF4AF200B1AE0A /* Build configuration list for PBXNativeTarget "DoIt" */ = {
			isa = XCConfigurationList;
			buildConfigurations = (
				A6FEE7341FAF4AF200B1AE0A /* Debug */,
				A6FEE7351FAF4AF200B1AE0A /* Release */,
			);
			defaultConfigurationIsVisible = 0;
		};
/* End XCConfigurationList section */

/* Begin XCVersionGroup section */
		A6FEE7281FAF4AF200B1AE0A /* DoIt.xcdatamodeld */ = {
			isa = XCVersionGroup;
			children = (
				A6FEE7291FAF4AF200B1AE0A /* DoIt.xcdatamodel */,
			);
			currentVersion = A6FEE7291FAF4AF200B1AE0A /* DoIt.xcdatamodel */;
			path = DoIt.xcdatamodeld;
			sourceTree = "<group>";
			versionGroupType = wrapper.xcdatamodel;
		};
/* End XCVersionGroup section */
	};
	rootObject = A6FEE7161FAF4AF200B1AE0A /* Project object */;
}
